PODS:
  - AASignatureView (1.0)
  - Alamofire (5.8.1)
  - Applio (1.0.4)
  - CropViewController (2.6.1)
  - DKCamera (1.6.7)
  - DKImagePickerController (4.3.4):
    - DKImagePickerController/Camera (= 4.3.4)
    - DKImagePickerController/Core (= 4.3.4)
    - DKImagePickerController/ImageDataManager (= 4.3.4)
    - DKImagePickerController/InlineCamera (= 4.3.4)
    - DKImagePickerController/PhotoEditor (= 4.3.4)
    - DKImagePickerController/PhotoGallery (= 4.3.4)
    - DKImagePickerController/Resource (= 4.3.4)
  - DKImagePickerController/Camera (4.3.4):
    - DKCamera
    - DKImagePickerController/Core
  - DKImagePickerController/Core (4.3.4):
    - DKImagePickerController/ImageDataManager
    - DKImagePickerController/Resource
  - DKImagePickerController/ImageDataManager (4.3.4)
  - DKImagePickerController/InlineCamera (4.3.4):
    - DKCamera
    - DKImagePickerController/Core
  - DKImagePickerController/PhotoEditor (4.3.4):
    - CropViewController (~> 2.5)
    - DKImagePickerController/Core
  - DKImagePickerController/PhotoGallery (4.3.4):
    - DKImagePickerController/Core
    - DKPhotoGallery
  - DKImagePickerController/Resource (4.3.4)
  - DKPhotoGallery (0.0.17):
    - DKPhotoGallery/Core (= 0.0.17)
    - DKPhotoGallery/Model (= 0.0.17)
    - DKPhotoGallery/Preview (= 0.0.17)
    - DKPhotoGallery/Resource (= 0.0.17)
    - SDWebImage
    - SwiftyGif
  - DKPhotoGallery/Core (0.0.17):
    - DKPhotoGallery/Model
    - DKPhotoGallery/Preview
    - SDWebImage
    - SwiftyGif
  - DKPhotoGallery/Model (0.0.17):
    - SDWebImage
    - SwiftyGif
  - DKPhotoGallery/Preview (0.0.17):
    - DKPhotoGallery/Model
    - DKPhotoGallery/Resource
    - SDWebImage
    - SwiftyGif
  - DKPhotoGallery/Resource (0.0.17):
    - SDWebImage
    - SwiftyGif
  - DZNEmptyDataSet (1.8.1)
  - IQKeyboardManagerSwift (6.5.16)
  - JVFloatLabeledTextField (1.2.2)
  - Kingfisher (7.10.0)
  - SDWebImage (5.18.3):
    - SDWebImage/Core (= 5.18.3)
  - SDWebImage/Core (5.18.3)
  - SideMenu (6.5.0)
  - SVProgressHUD (2.3.1):
    - SVProgressHUD/Core (= 2.3.1)
  - SVProgressHUD/Core (2.3.1)
  - SwiftyGif (5.4.4)
  - Toast-Swift (5.0.1)

DEPENDENCIES:
  - AASignatureView
  - Alamofire (~> 5.4)
  - Applio
  - DKImagePickerController
  - DZNEmptyDataSet
  - IQKeyboardManagerSwift
  - JVFloatLabeledTextField
  - Kingfisher
  - SideMenu (~> 6.0)
  - SVProgressHUD
  - Toast-Swift (~> 5.0.1)

SPEC REPOS:
  trunk:
    - AASignatureView
    - Alamofire
    - Applio
    - CropViewController
    - DKCamera
    - DKImagePickerController
    - DKPhotoGallery
    - DZNEmptyDataSet
    - IQKeyboardManagerSwift
    - JVFloatLabeledTextField
    - Kingfisher
    - SDWebImage
    - SideMenu
    - SVProgressHUD
    - SwiftyGif
    - Toast-Swift

SPEC CHECKSUMS:
  AASignatureView: f092f7f063ee37b5baf6f4e8ee2f848833cc70aa
  Alamofire: 3ca42e259043ee0dc5c0cdd76c4bc568b8e42af7
  Applio: 12864d5abc7beb72a3c306c39fb72623bf9d941f
  CropViewController: 58fb440f30dac788b129d2a1f24cffdcb102669c
  DKCamera: a902b66921fca14b7a75266feb8c7568aa7caa71
  DKImagePickerController: b512c28220a2b8ac7419f21c491fc8534b7601ac
  DKPhotoGallery: fdfad5125a9fdda9cc57df834d49df790dbb4179
  DZNEmptyDataSet: 9525833b9e68ac21c30253e1d3d7076cc828eaa7
  IQKeyboardManagerSwift: 12d89768845bb77b55cc092ecc2b1f9370f06b76
  JVFloatLabeledTextField: df48598472ee015701d509f43e59492a0d4ca208
  Kingfisher: a18f05d3b6d37d8650ee4a3e61d57a28fc6207f6
  SDWebImage: 96e0c18ef14010b7485210e92fac888587ebb958
  SideMenu: f583187d21c5b1dd04c72002be544b555a2627a2
  SVProgressHUD: 4837c74bdfe2e51e8821c397825996a8d7de6e22
  SwiftyGif: 93a1cc87bf3a51916001cf8f3d63835fb64c819f
  Toast-Swift: 9b6a70f28b3bf0b96c40d46c0c4b9d6639846711

PODFILE CHECKSUM: f414ea05fff064dc08b035053a4465eddbee2822

COCOAPODS: 1.12.1
